
Microsoft Visual Studio Solution File, Format Version 12.00
# Visual Studio Version 17
VisualStudioVersion = 17.4.33403.182
MinimumVisualStudioVersion = 10.0.40219.1
Project("{FAE04EC0-301F-11D3-BF4B-00C04F79EFBC}") = "Monhoc_khoahoc", "Monhoc_khoahoc\Monhoc_khoahoc.csproj", "{73763292-7C08-49B6-B00C-3FD5933A623A}"
EndProject
Global
	GlobalSection(SolutionConfigurationPlatforms) = preSolution
		Debug|Any CPU = Debug|Any CPU
		Release|Any CPU = Release|Any CPU
	EndGlobalSection
	GlobalSection(ProjectConfigurationPlatforms) = postSolution
		{73763292-7C08-49B6-B00C-3FD5933A623A}.Debug|Any CPU.ActiveCfg = Debug|Any CPU
		{73763292-7C08-49B6-B00C-3FD5933A623A}.Debug|Any CPU.Build.0 = Debug|Any CPU
		{73763292-7C08-49B6-B00C-3FD5933A623A}.Release|Any CPU.ActiveCfg = Release|Any CPU
		{73763292-7C08-49B6-B00C-3FD5933A623A}.Release|Any CPU.Build.0 = Release|Any CPU
	EndGlobalSection
	GlobalSection(SolutionProperties) = preSolution
		HideSolutionNode = FALSE
	EndGlobalSection
	GlobalSection(ExtensibilityGlobals) = postSolution
		SolutionGuid = {3B4CE2A8-DA0C-4D15-9707-9D4815483F21}
	EndGlobalSection
EndGlobal
